
Microsoft Visual Studio Solution File, Format Version 12.00
# Visual Studio Version 17
VisualStudioVersion = 17.7.34024.191
MinimumVisualStudioVersion = 10.0.40219.1
Project("{FAE04EC0-301F-11D3-BF4B-00C04F79EFBC}") = "pizza", "pizza\pizza.csproj", "{093CEB6A-2120-42B8-93E4-E61259032452}"
EndProject
Global
	GlobalSection(SolutionConfigurationPlatforms) = preSolution
		Debug|Any CPU = Debug|Any CPU
		Release|Any CPU = Release|Any CPU
	EndGlobalSection
	GlobalSection(ProjectConfigurationPlatforms) = postSolution
		{093CEB6A-2120-42B8-93E4-E61259032452}.Debug|Any CPU.ActiveCfg = Debug|Any CPU
		{093CEB6A-2120-42B8-93E4-E61259032452}.Debug|Any CPU.Build.0 = Debug|Any CPU
		{093CEB6A-2120-42B8-93E4-E61259032452}.Release|Any CPU.ActiveCfg = Release|Any CPU
		{093CEB6A-2120-42B8-93E4-E61259032452}.Release|Any CPU.Build.0 = Release|Any CPU
	EndGlobalSection
	GlobalSection(SolutionProperties) = preSolution
		HideSolutionNode = FALSE
	EndGlobalSection
	GlobalSection(ExtensibilityGlobals) = postSolution
		SolutionGuid = {ABD34CFB-9BA7-44A4-85A3-1C9AC80D5CBC}
	EndGlobalSection
EndGlobal
