
Microsoft Visual Studio Solution File, Format Version 12.00
# Visual Studio Version 17
VisualStudioVersion = 17.7.34024.191
MinimumVisualStudioVersion = 10.0.40219.1
Project("{FAE04EC0-301F-11D3-BF4B-00C04F79EFBC}") = "RandomNumberGen", "RandomNumberGen\RandomNumberGen.csproj", "{9C7FDDA7-765B-418F-A908-7845F365DBF5}"
EndProject
Global
	GlobalSection(SolutionConfigurationPlatforms) = preSolution
		Debug|Any CPU = Debug|Any CPU
		Release|Any CPU = Release|Any CPU
	EndGlobalSection
	GlobalSection(ProjectConfigurationPlatforms) = postSolution
		{9C7FDDA7-765B-418F-A908-7845F365DBF5}.Debug|Any CPU.ActiveCfg = Debug|Any CPU
		{9C7FDDA7-765B-418F-A908-7845F365DBF5}.Debug|Any CPU.Build.0 = Debug|Any CPU
		{9C7FDDA7-765B-418F-A908-7845F365DBF5}.Release|Any CPU.ActiveCfg = Release|Any CPU
		{9C7FDDA7-765B-418F-A908-7845F365DBF5}.Release|Any CPU.Build.0 = Release|Any CPU
	EndGlobalSection
	GlobalSection(SolutionProperties) = preSolution
		HideSolutionNode = FALSE
	EndGlobalSection
	GlobalSection(ExtensibilityGlobals) = postSolution
		SolutionGuid = {102467F5-2E05-46BE-B552-775EC9EF3201}
	EndGlobalSection
EndGlobal
